<?xml version="1.0" encoding="utf-8"?>
<Project ToolsVersion="4.0" xmlns="http://schemas.microsoft.com/developer/msbuild/2003">
  <ItemGroup>
    <Filter Include="99. DefaultFiles">
      <UniqueIdentifier>{d883711b-6c10-4600-a4ef-b0d4fbd78ec6}</UniqueIdentifier>
    </Filter>
    <Filter Include="97. Shaders">
      <UniqueIdentifier>{16410a91-1916-4596-8eb8-f1b5a4699215}</UniqueIdentifier>
    </Filter>
    <Filter Include="01. Main">
      <UniqueIdentifier>{69f2ba0a-c1c8-4ccd-a1bb-782928b8283f}</UniqueIdentifier>
    </Filter>
    <Filter Include="98. Headers">
      <UniqueIdentifier>{e8d3d048-c6a2-4bc1-b8a4-dd017357149f}</UniqueIdentifier>
    </Filter>
    <Filter Include="98. Headers\PCH">
      <UniqueIdentifier>{266f372c-6240-4924-ad00-4f86e088cc03}</UniqueIdentifier>
    </Filter>
    <Filter Include="98. Headers\defines">
      <UniqueIdentifier>{200af761-c83c-4e7f-8839-8d776bd14dc0}</UniqueIdentifier>
    </Filter>
  </ItemGroup>
  <ItemGroup>
    <ClInclude Include="framework.h">
      <Filter>99. DefaultFiles</Filter>
    </ClInclude>
    <ClInclude Include="GameCoding.h">
      <Filter>99. DefaultFiles</Filter>
    </ClInclude>
    <ClInclude Include="Resource.h">
      <Filter>99. DefaultFiles</Filter>
    </ClInclude>
    <ClInclude Include="targetver.h">
      <Filter>99. DefaultFiles</Filter>
    </ClInclude>
    <ClInclude Include="pch.h">
      <Filter>98. Headers\PCH</Filter>
    </ClInclude>
    <ClInclude Include="Types.h">
      <Filter>98. Headers\defines</Filter>
    </ClInclude>
    <ClInclude Include="Game.h">
      <Filter>01. Main</Filter>
    </ClInclude>
    <ClInclude Include="Values.h">
      <Filter>98. Headers\defines</Filter>
    </ClInclude>
    <ClInclude Include="Struct.h">
      <Filter>98. Headers\defines</Filter>
    </ClInclude>
  </ItemGroup>
  <ItemGroup>
    <Image Include="GameCoding.ico">
      <Filter>99. DefaultFiles</Filter>
    </Image>
    <Image Include="small.ico">
      <Filter>99. DefaultFiles</Filter>
    </Image>
  </ItemGroup>
  <ItemGroup>
    <ClCompile Include="GameCoding.cpp">
      <Filter>01. Main</Filter>
    </ClCompile>
    <ClCompile Include="pch.cpp">
      <Filter>98. Headers\PCH</Filter>
    </ClCompile>
    <ClCompile Include="Game.cpp">
      <Filter>01. Main</Filter>
    </ClCompile>
  </ItemGroup>
  <ItemGroup>
    <ResourceCompile Include="GameCoding.rc">
      <Filter>99. DefaultFiles</Filter>
    </ResourceCompile>
  </ItemGroup>
  <ItemGroup>
    <FxCompile Include="Standard.hlsl">
      <Filter>97. Shaders</Filter>
    </FxCompile>
  </ItemGroup>
</Project>